
Microsoft Visual Studio Solution File, Format Version 12.00
# Visual Studio Version 17
VisualStudioVersion = 17.7.34024.191
MinimumVisualStudioVersion = 10.0.40219.1
Project("{FAE04EC0-301F-11D3-BF4B-00C04F79EFBC}") = "pianino", "pianino\pianino.csproj", "{8524F6DC-D2C5-411D-ACA5-544053363F3B}"
EndProject
Global
	GlobalSection(SolutionConfigurationPlatforms) = preSolution
		Debug|Any CPU = Debug|Any CPU
		Release|Any CPU = Release|Any CPU
	EndGlobalSection
	GlobalSection(ProjectConfigurationPlatforms) = postSolution
		{8524F6DC-D2C5-411D-ACA5-544053363F3B}.Debug|Any CPU.ActiveCfg = Debug|Any CPU
		{8524F6DC-D2C5-411D-ACA5-544053363F3B}.Debug|Any CPU.Build.0 = Debug|Any CPU
		{8524F6DC-D2C5-411D-ACA5-544053363F3B}.Release|Any CPU.ActiveCfg = Release|Any CPU
		{8524F6DC-D2C5-411D-ACA5-544053363F3B}.Release|Any CPU.Build.0 = Release|Any CPU
	EndGlobalSection
	GlobalSection(SolutionProperties) = preSolution
		HideSolutionNode = FALSE
	EndGlobalSection
	GlobalSection(ExtensibilityGlobals) = postSolution
		SolutionGuid = {596B2359-B655-4B0C-9377-F6ECC6C85B6B}
	EndGlobalSection
EndGlobal
